
Microsoft Visual Studio Solution File, Format Version 12.00
# Visual Studio Version 17
VisualStudioVersion = 17.4.33213.308
MinimumVisualStudioVersion = 10.0.40219.1
Project("{FAE04EC0-301F-11D3-BF4B-00C04F79EFBC}") = "InspectionApi", "InspectionApi\InspectionApi.csproj", "{E59FAD70-7677-47DC-994E-0EB4BCAAF920}"
EndProject
Global
	GlobalSection(SolutionConfigurationPlatforms) = preSolution
		Debug|Any CPU = Debug|Any CPU
		Release|Any CPU = Release|Any CPU
	EndGlobalSection
	GlobalSection(ProjectConfigurationPlatforms) = postSolution
		{E59FAD70-7677-47DC-994E-0EB4BCAAF920}.Debug|Any CPU.ActiveCfg = Debug|Any CPU
		{E59FAD70-7677-47DC-994E-0EB4BCAAF920}.Debug|Any CPU.Build.0 = Debug|Any CPU
		{E59FAD70-7677-47DC-994E-0EB4BCAAF920}.Release|Any CPU.ActiveCfg = Release|Any CPU
		{E59FAD70-7677-47DC-994E-0EB4BCAAF920}.Release|Any CPU.Build.0 = Release|Any CPU
	EndGlobalSection
	GlobalSection(SolutionProperties) = preSolution
		HideSolutionNode = FALSE
	EndGlobalSection
	GlobalSection(ExtensibilityGlobals) = postSolution
		SolutionGuid = {0983FCAA-8588-47A1-817A-028FDEA632B4}
	EndGlobalSection
EndGlobal
